PODS:
  - AFNetworking (3.1.0):
    - AFNetworking/NSURLSession (= 3.1.0)
    - AFNetworking/Reachability (= 3.1.0)
    - AFNetworking/Security (= 3.1.0)
    - AFNetworking/Serialization (= 3.1.0)
    - AFNetworking/UIKit (= 3.1.0)
  - AFNetworking/NSURLSession (3.1.0):
    - AFNetworking/Reachability
    - AFNetworking/Security
    - AFNetworking/Serialization
  - AFNetworking/Reachability (3.1.0)
  - AFNetworking/Security (3.1.0)
  - AFNetworking/Serialization (3.1.0)
  - AFNetworking/UIKit (3.1.0):
    - AFNetworking/NSURLSession
  - MOBFoundation (1.5.1)
  - ShareSDK2 (2.12.5):
    - ShareSDK2/Core (= 2.12.5)
  - ShareSDK2/Connection/QQ (2.12.5):
    - ShareSDK2/Extend/QQConnectSDK
  - ShareSDK2/Connection/QZone (2.12.5):
    - ShareSDK2/Extend/QQConnectSDK
  - ShareSDK2/Connection/SinaWeibo (2.12.5):
    - ShareSDK2/Extend/SinaWeiboSDK
  - ShareSDK2/Connection/WeChat (2.12.5):
    - ShareSDK2/Extend/WeChatSDK
  - ShareSDK2/Core (2.12.5)
  - ShareSDK2/Extend/QQConnectSDK (2.12.5)
  - ShareSDK2/Extend/SinaWeiboSDK (2.12.5)
  - ShareSDK2/Extend/WeChatSDK (2.12.5)
  - ShareSDK2/UI/iPhoneDefault (2.12.5)
  - UMengAnalytics-NO-IDFA (3.6.7)

DEPENDENCIES:
  - AFNetworking (~> 3.0)
  - MOBFoundation
  - ShareSDK2
  - ShareSDK2/Connection/QQ
  - ShareSDK2/Connection/QZone
  - ShareSDK2/Connection/SinaWeibo
  - ShareSDK2/Connection/WeChat
  - ShareSDK2/UI/iPhoneDefault
  - UMengAnalytics-NO-IDFA

SPEC CHECKSUMS:
  AFNetworking: 5e0e199f73d8626b11e79750991f5d173d1f8b67
  MOBFoundation: 79efc94db961fe5a08cf32de69166f6a29a3b2b5
  ShareSDK2: c076a9ea57d9d87650130b8071f2bcf0f169cb94
  UMengAnalytics-NO-IDFA: 6d02561a00579b2e37718f204eb81347df5d7b8b

COCOAPODS: 0.39.0
